// !$*UTF8*$!
{
	archiveVersion = 1;
	classes = {
	};
	objectVersion = 55;
	objects = {

/* Begin PBXBuildFile section */
		EE03B971289C8850008F5C60 /* AppDelegate.swift in Sources */ = {isa = PBXBuildFile; fileRef = EE03B970289C8850008F5C60 /* AppDelegate.swift */; };
		EE03B973289C8850008F5C60 /* SceneDelegate.swift in Sources */ = {isa = PBXBuildFile; fileRef = EE03B972289C8850008F5C60 /* SceneDelegate.swift */; };
		EE03B975289C8851008F5C60 /* ViewController.swift in Sources */ = {isa = PBXBuildFile; fileRef = EE03B974289C8850008F5C60 /* ViewController.swift */; };
		EE03B978289C8851008F5C60 /* Main.storyboard in Resources */ = {isa = PBXBuildFile; fileRef = EE03B976289C8851008F5C60 /* Main.storyboard */; };
		EE03B97B289C8851008F5C60 /* Estee_Lauder_App.xcdatamodeld in Sources */ = {isa = PBXBuildFile; fileRef = EE03B979289C8851008F5C60 /* Estee_Lauder_App.xcdatamodeld */; };
		EE03B97D289C8853008F5C60 /* Assets.xcassets in Resources */ = {isa = PBXBuildFile; fileRef = EE03B97C289C8853008F5C60 /* Assets.xcassets */; };
		EE03B980289C8853008F5C60 /* LaunchScreen.storyboard in Resources */ = {isa = PBXBuildFile; fileRef = EE03B97E289C8853008F5C60 /* LaunchScreen.storyboard */; };
		EE03B98B289C8853008F5C60 /* Estee_Lauder_AppTests.swift in Sources */ = {isa = PBXBuildFile; fileRef = EE03B98A289C8853008F5C60 /* Estee_Lauder_AppTests.swift */; };
		EE03B995289C8853008F5C60 /* Estee_Lauder_AppUITests.swift in Sources */ = {isa = PBXBuildFile; fileRef = EE03B994289C8853008F5C60 /* Estee_Lauder_AppUITests.swift */; };
		EE03B997289C8853008F5C60 /* Estee_Lauder_AppUITestsLaunchTests.swift in Sources */ = {isa = PBXBuildFile; fileRef = EE03B996289C8853008F5C60 /* Estee_Lauder_AppUITestsLaunchTests.swift */; };
/* End PBXBuildFile section */

/* Begin PBXContainerItemProxy section */
		EE03B987289C8853008F5C60 /* PBXContainerItemProxy */ = {
			isa = PBXContainerItemProxy;
			containerPortal = EE03B965289C8850008F5C60 /* Project object */;
			proxyType = 1;
			remoteGlobalIDString = EE03B96C289C8850008F5C60;
			remoteInfo = "Estee Lauder App";
		};
		EE03B991289C8853008F5C60 /* PBXContainerItemProxy */ = {
			isa = PBXContainerItemProxy;
			containerPortal = EE03B965289C8850008F5C60 /* Project object */;
			proxyType = 1;
			remoteGlobalIDString = EE03B96C289C8850008F5C60;
			remoteInfo = "Estee Lauder App";
		};
/* End PBXContainerItemProxy section */

/* Begin PBXFileReference section */
		EE03B96D289C8850008F5C60 /* Estee Lauder App.app */ = {isa = PBXFileReference; explicitFileType = wrapper.application; includeInIndex = 0; path = "Estee Lauder App.app"; sourceTree = BUILT_PRODUCTS_DIR; };
		EE03B970289C8850008F5C60 /* AppDelegate.swift */ = {isa = PBXFileReference; lastKnownFileType = sourcecode.swift; path = AppDelegate.swift; sourceTree = "<group>"; };
		EE03B972289C8850008F5C60 /* SceneDelegate.swift */ = {isa = PBXFileReference; lastKnownFileType = sourcecode.swift; path = SceneDelegate.swift; sourceTree = "<group>"; };
		EE03B974289C8850008F5C60 /* ViewController.swift */ = {isa = PBXFileReference; lastKnownFileType = sourcecode.swift; path = ViewController.swift; sourceTree = "<group>"; };
		EE03B977289C8851008F5C60 /* Base */ = {isa = PBXFileReference; lastKnownFileType = file.storyboard; name = Base; path = Base.lproj/Main.storyboard; sourceTree = "<group>"; };
		EE03B97A289C8851008F5C60 /* Estee_Lauder_App.xcdatamodel */ = {isa = PBXFileReference; lastKnownFileType = wrapper.xcdatamodel; path = Estee_Lauder_App.xcdatamodel; sourceTree = "<group>"; };
		EE03B97C289C8853008F5C60 /* Assets.xcassets */ = {isa = PBXFileReference; lastKnownFileType = folder.assetcatalog; path = Assets.xcassets; sourceTree = "<group>"; };
		EE03B97F289C8853008F5C60 /* Base */ = {isa = PBXFileReference; lastKnownFileType = file.storyboard; name = Base; path = Base.lproj/LaunchScreen.storyboard; sourceTree = "<group>"; };
		EE03B981289C8853008F5C60 /* Info.plist */ = {isa = PBXFileReference; lastKnownFileType = text.plist.xml; path = Info.plist; sourceTree = "<group>"; };
		EE03B986289C8853008F5C60 /* Estee Lauder AppTests.xctest */ = {isa = PBXFileReference; explicitFileType = wrapper.cfbundle; includeInIndex = 0; path = "Estee Lauder AppTests.xctest"; sourceTree = BUILT_PRODUCTS_DIR; };
		EE03B98A289C8853008F5C60 /* Estee_Lauder_AppTests.swift */ = {isa = PBXFileReference; lastKnownFileType = sourcecode.swift; path = Estee_Lauder_AppTests.swift; sourceTree = "<group>"; };
		EE03B990289C8853008F5C60 /* Estee Lauder AppUITests.xctest */ = {isa = PBXFileReference; explicitFileType = wrapper.cfbundle; includeInIndex = 0; path = "Estee Lauder AppUITests.xctest"; sourceTree = BUILT_PRODUCTS_DIR; };
		EE03B994289C8853008F5C60 /* Estee_Lauder_AppUITests.swift */ = {isa = PBXFileReference; lastKnownFileType = sourcecode.swift; path = Estee_Lauder_AppUITests.swift; sourceTree = "<group>"; };
		EE03B996289C8853008F5C60 /* Estee_Lauder_AppUITestsLaunchTests.swift */ = {isa = PBXFileReference; lastKnownFileType = sourcecode.swift; path = Estee_Lauder_AppUITestsLaunchTests.swift; sourceTree = "<group>"; };
/* End PBXFileReference section */

/* Begin PBXFrameworksBuildPhase section */
		EE03B96A289C8850008F5C60 /* Frameworks */ = {
			isa = PBXFrameworksBuildPhase;
			buildActionMask = 2147483647;
			files = (
			);
			runOnlyForDeploymentPostprocessing = 0;
		};
		EE03B983289C8853008F5C60 /* Frameworks */ = {
			isa = PBXFrameworksBuildPhase;
			buildActionMask = 2147483647;
			files = (
			);
			runOnlyForDeploymentPostprocessing = 0;
		};
		EE03B98D289C8853008F5C60 /* Frameworks */ = {
			isa = PBXFrameworksBuildPhase;
			buildActionMask = 2147483647;
			files = (
			);
			runOnlyForDeploymentPostprocessing = 0;
		};
/* End PBXFrameworksBuildPhase section */

/* Begin PBXGroup section */
		EE03B964289C8850008F5C60 = {
			isa = PBXGroup;
			children = (
				EE03B96F289C8850008F5C60 /* Estee Lauder App */,
				EE03B989289C8853008F5C60 /* Estee Lauder AppTests */,
				EE03B993289C8853008F5C60 /* Estee Lauder AppUITests */,
				EE03B96E289C8850008F5C60 /* Products */,
			);
			sourceTree = "<group>";
		};
		EE03B96E289C8850008F5C60 /* Products */ = {
			isa = PBXGroup;
			children = (
				EE03B96D289C8850008F5C60 /* Estee Lauder App.app */,
				EE03B986289C8853008F5C60 /* Estee Lauder AppTests.xctest */,
				EE03B990289C8853008F5C60 /* Estee Lauder AppUITests.xctest */,
			);
			name = Products;
			sourceTree = "<group>";
		};
		EE03B96F289C8850008F5C60 /* Estee Lauder App */ = {
			isa = PBXGroup;
			children = (
				EE03B970289C8850008F5C60 /* AppDelegate.swift */,
				EE03B972289C8850008F5C60 /* SceneDelegate.swift */,
				EE03B974289C8850008F5C60 /* ViewController.swift */,
				EE03B976289C8851008F5C60 /* Main.storyboard */,
				EE03B97C289C8853008F5C60 /* Assets.xcassets */,
				EE03B97E289C8853008F5C60 /* LaunchScreen.storyboard */,
				EE03B981289C8853008F5C60 /* Info.plist */,
				EE03B979289C8851008F5C60 /* Estee_Lauder_App.xcdatamodeld */,
			);
			path = "Estee Lauder App";
			sourceTree = "<group>";
		};
		EE03B989289C8853008F5C60 /* Estee Lauder AppTests */ = {
			isa = PBXGroup;
			children = (
				EE03B98A289C8853008F5C60 /* Estee_Lauder_AppTests.swift */,
			);
			path = "Estee Lauder AppTests";
			sourceTree = "<group>";
		};
		EE03B993289C8853008F5C60 /* Estee Lauder AppUITests */ = {
			isa = PBXGroup;
			children = (
				EE03B994289C8853008F5C60 /* Estee_Lauder_AppUITests.swift */,
				EE03B996289C8853008F5C60 /* Estee_Lauder_AppUITestsLaunchTests.swift */,
			);
			path = "Estee Lauder AppUITests";
			sourceTree = "<group>";
		};
/* End PBXGroup section */

/* Begin PBXNativeTarget section */
		EE03B96C289C8850008F5C60 /* Estee Lauder App */ = {
			isa = PBXNativeTarget;
			buildConfigurationList = EE03B99A289C8853008F5C60 /* Build configuration list for PBXNativeTarget "Estee Lauder App" */;
			buildPhases = (
				EE03B969289C8850008F5C60 /* Sources */,
				EE03B96A289C8850008F5C60 /* Frameworks */,
				EE03B96B289C8850008F5C60 /* Resources */,
			);
			buildRules = (
			);
			dependencies = (
			);
			name = "Estee Lauder App";
			productName = "Estee Lauder App";
			productReference = EE03B96D289C8850008F5C60 /* Estee Lauder App.app */;
			productType = "com.apple.product-type.application";
		};
		EE03B985289C8853008F5C60 /* Estee Lauder AppTests */ = {
			isa = PBXNativeTarget;
			buildConfigurationList = EE03B99D289C8853008F5C60 /* Build configuration list for PBXNativeTarget "Estee Lauder AppTests" */;
			buildPhases = (
				EE03B982289C8853008F5C60 /* Sources */,
				EE03B983289C8853008F5C60 /* Frameworks */,
				EE03B984289C8853008F5C60 /* Resources */,
			);
			buildRules = (
			);
			dependencies = (
				EE03B988289C8853008F5C60 /* PBXTargetDependency */,
			);
			name = "Estee Lauder AppTests";
			productName = "Estee Lauder AppTests";
			productReference = EE03B986289C8853008F5C60 /* Estee Lauder AppTests.xctest */;
			productType = "com.apple.product-type.bundle.unit-test";
		};
		EE03B98F289C8853008F5C60 /* Estee Lauder AppUITests */ = {
			isa = PBXNativeTarget;
			buildConfigurationList = EE03B9A0289C8853008F5C60 /* Build configuration list for PBXNativeTarget "Estee Lauder AppUITests" */;
			buildPhases = (
				EE03B98C289C8853008F5C60 /* Sources */,
				EE03B98D289C8853008F5C60 /* Frameworks */,
				EE03B98E289C8853008F5C60 /* Resources */,
			);
			buildRules = (
			);
			dependencies = (
				EE03B992289C8853008F5C60 /* PBXTargetDependency */,
			);
			name = "Estee Lauder AppUITests";
			productName = "Estee Lauder AppUITests";
			productReference = EE03B990289C8853008F5C60 /* Estee Lauder AppUITests.xctest */;
			productType = "com.apple.product-type.bundle.ui-testing";
		};
/* End PBXNativeTarget section */

/* Begin PBXProject section */
		EE03B965289C8850008F5C60 /* Project object */ = {
			isa = PBXProject;
			attributes = {
				BuildIndependentTargetsInParallel = 1;
				LastSwiftUpdateCheck = 1340;
				LastUpgradeCheck = 1340;
				TargetAttributes = {
					EE03B96C289C8850008F5C60 = {
						CreatedOnToolsVersion = 13.4.1;
					};
					EE03B985289C8853008F5C60 = {
						CreatedOnToolsVersion = 13.4.1;
						TestTargetID = EE03B96C289C8850008F5C60;
					};
					EE03B98F289C8853008F5C60 = {
						CreatedOnToolsVersion = 13.4.1;
						TestTargetID = EE03B96C289C8850008F5C60;
					};
				};
			};
			buildConfigurationList = EE03B968289C8850008F5C60 /* Build configuration list for PBXProject "Estee Lauder App" */;
			compatibilityVersion = "Xcode 13.0";
			developmentRegion = en;
			hasScannedForEncodings = 0;
			knownRegions = (
				en,
				Base,
			);
			mainGroup = EE03B964289C8850008F5C60;
			productRefGroup = EE03B96E289C8850008F5C60 /* Products */;
			projectDirPath = "";
			projectRoot = "";
			targets = (
				EE03B96C289C8850008F5C60 /* Estee Lauder App */,
				EE03B985289C8853008F5C60 /* Estee Lauder AppTests */,
				EE03B98F289C8853008F5C60 /* Estee Lauder AppUITests */,
			);
		};
/* End PBXProject section */

/* Begin PBXResourcesBuildPhase section */
		EE03B96B289C8850008F5C60 /* Resources */ = {
			isa = PBXResourcesBuildPhase;
			buildActionMask = 2147483647;
			files = (
				EE03B980289C8853008F5C60 /* LaunchScreen.storyboard in Resources */,
				EE03B97D289C8853008F5C60 /* Assets.xcassets in Resources */,
				EE03B978289C8851008F5C60 /* Main.storyboard in Resources */,
			);
			runOnlyForDeploymentPostprocessing = 0;
		};
		EE03B984289C8853008F5C60 /* Resources */ = {
			isa = PBXResourcesBuildPhase;
			buildActionMask = 2147483647;
			files = (
			);
			runOnlyForDeploymentPostprocessing = 0;
		};
		EE03B98E289C8853008F5C60 /* Resources */ = {
			isa = PBXResourcesBuildPhase;
			buildActionMask = 2147483647;
			files = (
			);
			runOnlyForDeploymentPostprocessing = 0;
		};
/* End PBXResourcesBuildPhase section */

/* Begin PBXSourcesBuildPhase section */
		EE03B969289C8850008F5C60 /* Sources */ = {
			isa = PBXSourcesBuildPhase;
			buildActionMask = 2147483647;
			files = (
				EE03B975289C8851008F5C60 /* ViewController.swift in Sources */,
				EE03B971289C8850008F5C60 /* AppDelegate.swift in Sources */,
				EE03B973289C8850008F5C60 /* SceneDelegate.swift in Sources */,
				EE03B97B289C8851008F5C60 /* Estee_Lauder_App.xcdatamodeld in Sources */,
			);
			runOnlyForDeploymentPostprocessing = 0;
		};
		EE03B982289C8853008F5C60 /* Sources */ = {
			isa = PBXSourcesBuildPhase;
			buildActionMask = 2147483647;
			files = (
				EE03B98B289C8853008F5C60 /* Estee_Lauder_AppTests.swift in Sources */,
			);
			runOnlyForDeploymentPostprocessing = 0;
		};
		EE03B98C289C8853008F5C60 /* Sources */ = {
			isa = PBXSourcesBuildPhase;
			buildActionMask = 2147483647;
			files = (
				EE03B997289C8853008F5C60 /* Estee_Lauder_AppUITestsLaunchTests.swift in Sources */,
				EE03B995289C8853008F5C60 /* Estee_Lauder_AppUITests.swift in Sources */,
			);
			runOnlyForDeploymentPostprocessing = 0;
		};
/* End PBXSourcesBuildPhase section */

/* Begin PBXTargetDependency section */
		EE03B988289C8853008F5C60 /* PBXTargetDependency */ = {
			isa = PBXTargetDependency;
			target = EE03B96C289C8850008F5C60 /* Estee Lauder App */;
			targetProxy = EE03B987289C8853008F5C60 /* PBXContainerItemProxy */;
		};
		EE03B992289C8853008F5C60 /* PBXTargetDependency */ = {
			isa = PBXTargetDependency;
			target = EE03B96C289C8850008F5C60 /* Estee Lauder App */;
			targetProxy = EE03B991289C8853008F5C60 /* PBXContainerItemProxy */;
		};
/* End PBXTargetDependency section */

/* Begin PBXVariantGroup section */
		EE03B976289C8851008F5C60 /* Main.storyboard */ = {
			isa = PBXVariantGroup;
			children = (
				EE03B977289C8851008F5C60 /* Base */,
			);
			name = Main.storyboard;
			sourceTree = "<group>";
		};
		EE03B97E289C8853008F5C60 /* LaunchScreen.storyboard */ = {
			isa = PBXVariantGroup;
			children = (
				EE03B97F289C8853008F5C60 /* Base */,
			);
			name = LaunchScreen.storyboard;
			sourceTree = "<group>";
		};
/* End PBXVariantGroup section */

/* Begin XCBuildConfiguration section */
		EE03B998289C8853008F5C60 /* Debug */ = {
			isa = XCBuildConfiguration;
			buildSettings = {
				ALWAYS_SEARCH_USER_PATHS = NO;
				CLANG_ANALYZER_NONNULL = YES;
				CLANG_ANALYZER_NUMBER_OBJECT_CONVERSION = YES_AGGRESSIVE;
				CLANG_CXX_LANGUAGE_STANDARD = "gnu++17";
				CLANG_ENABLE_MODULES = YES;
				CLANG_ENABLE_OBJC_ARC = YES;
				CLANG_ENABLE_OBJC_WEAK = YES;
				CLANG_WARN_BLOCK_CAPTURE_AUTORELEASING = YES;
				CLANG_WARN_BOOL_CONVERSION = YES;
				CLANG_WARN_COMMA = YES;
				CLANG_WARN_CONSTANT_CONVERSION = YES;
				CLANG_WARN_DEPRECATED_OBJC_IMPLEMENTATIONS = YES;
				CLANG_WARN_DIRECT_OBJC_ISA_USAGE = YES_ERROR;
				CLANG_WARN_DOCUMENTATION_COMMENTS = YES;
				CLANG_WARN_EMPTY_BODY = YES;
				CLANG_WARN_ENUM_CONVERSION = YES;
				CLANG_WARN_INFINITE_RECURSION = YES;
				CLANG_WARN_INT_CONVERSION = YES;
				CLANG_WARN_NON_LITERAL_NULL_CONVERSION = YES;
				CLANG_WARN_OBJC_IMPLICIT_RETAIN_SELF = YES;
				CLANG_WARN_OBJC_LITERAL_CONVERSION = YES;
				CLANG_WARN_OBJC_ROOT_CLASS = YES_ERROR;
				CLANG_WARN_QUOTED_INCLUDE_IN_FRAMEWORK_HEADER = YES;
				CLANG_WARN_RANGE_LOOP_ANALYSIS = YES;
				CLANG_WARN_STRICT_PROTOTYPES = YES;
				CLANG_WARN_SUSPICIOUS_MOVE = YES;
				CLANG_WARN_UNGUARDED_AVAILABILITY = YES_AGGRESSIVE;
				CLANG_WARN_UNREACHABLE_CODE = YES;
				CLANG_WARN__DUPLICATE_METHOD_MATCH = YES;
				COPY_PHASE_STRIP = NO;
				DEBUG_INFORMATION_FORMAT = dwarf;
				ENABLE_STRICT_OBJC_MSGSEND = YES;
				ENABLE_TESTABILITY = YES;
				GCC_C_LANGUAGE_STANDARD = gnu11;
				GCC_DYNAMIC_NO_PIC = NO;
				GCC_NO_COMMON_BLOCKS = YES;
				GCC_OPTIMIZATION_LEVEL = 0;
				GCC_PREPROCESSOR_DEFINITIONS = (
					"DEBUG=1",
					"$(inherited)",
				);
				GCC_WARN_64_TO_32_BIT_CONVERSION = YES;
				GCC_WARN_ABOUT_RETURN_TYPE = YES_ERROR;
				GCC_WARN_UNDECLARED_SELECTOR = YES;
				GCC_WARN_UNINITIALIZED_AUTOS = YES_AGGRESSIVE;
				GCC_WARN_UNUSED_FUNCTION = YES;
				GCC_WARN_UNUSED_VARIABLE = YES;
				IPHONEOS_DEPLOYMENT_TARGET = 15.5;
				MTL_ENABLE_DEBUG_INFO = INCLUDE_SOURCE;
				MTL_FAST_MATH = YES;
				ONLY_ACTIVE_ARCH = YES;
				SDKROOT = iphoneos;
				SWIFT_ACTIVE_COMPILATION_CONDITIONS = DEBUG;
				SWIFT_OPTIMIZATION_LEVEL = "-Onone";
			};
			name = Debug;
		};
		EE03B999289C8853008F5C60 /* Release */ = {
			isa = XCBuildConfiguration;
			buildSettings = {
				ALWAYS_SEARCH_USER_PATHS = NO;
				CLANG_ANALYZER_NONNULL = YES;
				CLANG_ANALYZER_NUMBER_OBJECT_CONVERSION = YES_AGGRESSIVE;
				CLANG_CXX_LANGUAGE_STANDARD = "gnu++17";
				CLANG_ENABLE_MODULES = YES;
				CLANG_ENABLE_OBJC_ARC = YES;
				CLANG_ENABLE_OBJC_WEAK = YES;
				CLANG_WARN_BLOCK_CAPTURE_AUTORELEASING = YES;
				CLANG_WARN_BOOL_CONVERSION = YES;
				CLANG_WARN_COMMA = YES;
				CLANG_WARN_CONSTANT_CONVERSION = YES;
				CLANG_WARN_DEPRECATED_OBJC_IMPLEMENTATIONS = YES;
				CLANG_WARN_DIRECT_OBJC_ISA_USAGE = YES_ERROR;
				CLANG_WARN_DOCUMENTATION_COMMENTS = YES;
				CLANG_WARN_EMPTY_BODY = YES;
				CLANG_WARN_ENUM_CONVERSION = YES;
				CLANG_WARN_INFINITE_RECURSION = YES;
				CLANG_WARN_INT_CONVERSION = YES;
				CLANG_WARN_NON_LITERAL_NULL_CONVERSION = YES;
				CLANG_WARN_OBJC_IMPLICIT_RETAIN_SELF = YES;
				CLANG_WARN_OBJC_LITERAL_CONVERSION = YES;
				CLANG_WARN_OBJC_ROOT_CLASS = YES_ERROR;
				CLANG_WARN_QUOTED_INCLUDE_IN_FRAMEWORK_HEADER = YES;
				CLANG_WARN_RANGE_LOOP_ANALYSIS = YES;
				CLANG_WARN_STRICT_PROTOTYPES = YES;
				CLANG_WARN_SUSPICIOUS_MOVE = YES;
				CLANG_WARN_UNGUARDED_AVAILABILITY = YES_AGGRESSIVE;
				CLANG_WARN_UNREACHABLE_CODE = YES;
				CLANG_WARN__DUPLICATE_METHOD_MATCH = YES;
				COPY_PHASE_STRIP = NO;
				DEBUG_INFORMATION_FORMAT = "dwarf-with-dsym";
				ENABLE_NS_ASSERTIONS = NO;
				ENABLE_STRICT_OBJC_MSGSEND = YES;
				GCC_C_LANGUAGE_STANDARD = gnu11;
				GCC_NO_COMMON_BLOCKS = YES;
				GCC_WARN_64_TO_32_BIT_CONVERSION = YES;
				GCC_WARN_ABOUT_RETURN_TYPE = YES_ERROR;
				GCC_WARN_UNDECLARED_SELECTOR = YES;
				GCC_WARN_UNINITIALIZED_AUTOS = YES_AGGRESSIVE;
				GCC_WARN_UNUSED_FUNCTION = YES;
				GCC_WARN_UNUSED_VARIABLE = YES;
				IPHONEOS_DEPLOYMENT_TARGET = 15.5;
				MTL_ENABLE_DEBUG_INFO = NO;
				MTL_FAST_MATH = YES;
				SDKROOT = iphoneos;
				SWIFT_COMPILATION_MODE = wholemodule;
				SWIFT_OPTIMIZATION_LEVEL = "-O";
				VALIDATE_PRODUCT = YES;
			};
			name = Release;
		};
		EE03B99B289C8853008F5C60 /* Debug */ = {
			isa = XCBuildConfiguration;
			buildSettings = {
				ASSETCATALOG_COMPILER_APPICON_NAME = AppIcon;
				ASSETCATALOG_COMPILER_GLOBAL_ACCENT_COLOR_NAME = AccentColor;
				CODE_SIGN_STYLE = Automatic;
				CURRENT_PROJECT_VERSION = 1;
				GENERATE_INFOPLIST_FILE = YES;
				INFOPLIST_FILE = "Estee Lauder App/Info.plist";
				INFOPLIST_KEY_UIApplicationSupportsIndirectInputEvents = YES;
				INFOPLIST_KEY_UILaunchStoryboardName = LaunchScreen;
				INFOPLIST_KEY_UIMainStoryboardFile = Main;
				INFOPLIST_KEY_UISupportedInterfaceOrientations_iPad = "UIInterfaceOrientationPortrait UIInterfaceOrientationPortraitUpsideDown UIInterfaceOrientationLandscapeLeft UIInterfaceOrientationLandscapeRight";
				INFOPLIST_KEY_UISupportedInterfaceOrientations_iPhone = "UIInterfaceOrientationPortrait UIInterfaceOrientationLandscapeLeft UIInterfaceOrientationLandscapeRight";
				LD_RUNPATH_SEARCH_PATHS = (
					"$(inherited)",
					"@executable_path/Frameworks",
				);
				MARKETING_VERSION = 1.0;
				PRODUCT_BUNDLE_IDENTIFIER = "personal.Estee-Lauder-App";
				PRODUCT_NAME = "$(TARGET_NAME)";
				SWIFT_EMIT_LOC_STRINGS = YES;
				SWIFT_VERSION = 5.0;
				TARGETED_DEVICE_FAMILY = "1,2";
			};
			name = Debug;
		};
		EE03B99C289C8853008F5C60 /* Release */ = {
			isa = XCBuildConfiguration;
			buildSettings = {
				ASSETCATALOG_COMPILER_APPICON_NAME = AppIcon;
				ASSETCATALOG_COMPILER_GLOBAL_ACCENT_COLOR_NAME = AccentColor;
				CODE_SIGN_STYLE = Automatic;
				CURRENT_PROJECT_VERSION = 1;
				GENERATE_INFOPLIST_FILE = YES;
				INFOPLIST_FILE = "Estee Lauder App/Info.plist";
				INFOPLIST_KEY_UIApplicationSupportsIndirectInputEvents = YES;
				INFOPLIST_KEY_UILaunchStoryboardName = LaunchScreen;
				INFOPLIST_KEY_UIMainStoryboardFile = Main;
				INFOPLIST_KEY_UISupportedInterfaceOrientations_iPad = "UIInterfaceOrientationPortrait UIInterfaceOrientationPortraitUpsideDown UIInterfaceOrientationLandscapeLeft UIInterfaceOrientationLandscapeRight";
				INFOPLIST_KEY_UISupportedInterfaceOrientations_iPhone = "UIInterfaceOrientationPortrait UIInterfaceOrientationLandscapeLeft UIInterfaceOrientationLandscapeRight";
				LD_RUNPATH_SEARCH_PATHS = (
					"$(inherited)",
					"@executable_path/Frameworks",
				);
				MARKETING_VERSION = 1.0;
				PRODUCT_BUNDLE_IDENTIFIER = "personal.Estee-Lauder-App";
				PRODUCT_NAME = "$(TARGET_NAME)";
				SWIFT_EMIT_LOC_STRINGS = YES;
				SWIFT_VERSION = 5.0;
				TARGETED_DEVICE_FAMILY = "1,2";
			};
			name = Release;
		};
		EE03B99E289C8853008F5C60 /* Debug */ = {
			isa = XCBuildConfiguration;
			buildSettings = {
				ALWAYS_EMBED_SWIFT_STANDARD_LIBRARIES = YES;
				BUNDLE_LOADER = "$(TEST_HOST)";
				CODE_SIGN_STYLE = Automatic;
				CURRENT_PROJECT_VERSION = 1;
				GENERATE_INFOPLIST_FILE = YES;
				IPHONEOS_DEPLOYMENT_TARGET = 15.5;
				MARKETING_VERSION = 1.0;
				PRODUCT_BUNDLE_IDENTIFIER = "personal.Estee-Lauder-AppTests";
				PRODUCT_NAME = "$(TARGET_NAME)";
				SWIFT_EMIT_LOC_STRINGS = NO;
				SWIFT_VERSION = 5.0;
				TARGETED_DEVICE_FAMILY = "1,2";
				TEST_HOST = "$(BUILT_PRODUCTS_DIR)/Estee Lauder App.app/Estee Lauder App";
			};
			name = Debug;
		};
		EE03B99F289C8853008F5C60 /* Release */ = {
			isa = XCBuildConfiguration;
			buildSettings = {
				ALWAYS_EMBED_SWIFT_STANDARD_LIBRARIES = YES;
				BUNDLE_LOADER = "$(TEST_HOST)";
				CODE_SIGN_STYLE = Automatic;
				CURRENT_PROJECT_VERSION = 1;
				GENERATE_INFOPLIST_FILE = YES;
				IPHONEOS_DEPLOYMENT_TARGET = 15.5;
				MARKETING_VERSION = 1.0;
				PRODUCT_BUNDLE_IDENTIFIER = "personal.Estee-Lauder-AppTests";
				PRODUCT_NAME = "$(TARGET_NAME)";
				SWIFT_EMIT_LOC_STRINGS = NO;
				SWIFT_VERSION = 5.0;
				TARGETED_DEVICE_FAMILY = "1,2";
				TEST_HOST = "$(BUILT_PRODUCTS_DIR)/Estee Lauder App.app/Estee Lauder App";
			};
			name = Release;
		};
		EE03B9A1289C8853008F5C60 /* Debug */ = {
			isa = XCBuildConfiguration;
			buildSettings = {
				ALWAYS_EMBED_SWIFT_STANDARD_LIBRARIES = YES;
				CODE_SIGN_STYLE = Automatic;
				CURRENT_PROJECT_VERSION = 1;
				GENERATE_INFOPLIST_FILE = YES;
				MARKETING_VERSION = 1.0;
				PRODUCT_BUNDLE_IDENTIFIER = "personal.Estee-Lauder-AppUITests";
				PRODUCT_NAME = "$(TARGET_NAME)";
				SWIFT_EMIT_LOC_STRINGS = NO;
				SWIFT_VERSION = 5.0;
				TARGETED_DEVICE_FAMILY = "1,2";
				TEST_TARGET_NAME = "Estee Lauder App";
			};
			name = Debug;
		};
		EE03B9A2289C8853008F5C60 /* Release */ = {
			isa = XCBuildConfiguration;
			buildSettings = {
				ALWAYS_EMBED_SWIFT_STANDARD_LIBRARIES = YES;
				CODE_SIGN_STYLE = Automatic;
				CURRENT_PROJECT_VERSION = 1;
				GENERATE_INFOPLIST_FILE = YES;
				MARKETING_VERSION = 1.0;
				PRODUCT_BUNDLE_IDENTIFIER = "personal.Estee-Lauder-AppUITests";
				PRODUCT_NAME = "$(TARGET_NAME)";
				SWIFT_EMIT_LOC_STRINGS = NO;
				SWIFT_VERSION = 5.0;
				TARGETED_DEVICE_FAMILY = "1,2";
				TEST_TARGET_NAME = "Estee Lauder App";
			};
			name = Release;
		};
/* End XCBuildConfiguration section */

/* Begin XCConfigurationList section */
		EE03B968289C8850008F5C60 /* Build configuration list for PBXProject "Estee Lauder App" */ = {
			isa = XCConfigurationList;
			buildConfigurations = (
				EE03B998289C8853008F5C60 /* Debug */,
				EE03B999289C8853008F5C60 /* Release */,
			);
			defaultConfigurationIsVisible = 0;
			defaultConfigurationName = Release;
		};
		EE03B99A289C8853008F5C60 /* Build configuration list for PBXNativeTarget "Estee Lauder App" */ = {
			isa = XCConfigurationList;
			buildConfigurations = (
				EE03B99B289C8853008F5C60 /* Debug */,
				EE03B99C289C8853008F5C60 /* Release */,
			);
			defaultConfigurationIsVisible = 0;
			defaultConfigurationName = Release;
		};
		EE03B99D289C8853008F5C60 /* Build configuration list for PBXNativeTarget "Estee Lauder AppTests" */ = {
			isa = XCConfigurationList;
			buildConfigurations = (
				EE03B99E289C8853008F5C60 /* Debug */,
				EE03B99F289C8853008F5C60 /* Release */,
			);
			defaultConfigurationIsVisible = 0;
			defaultConfigurationName = Release;
		};
		EE03B9A0289C8853008F5C60 /* Build configuration list for PBXNativeTarget "Estee Lauder AppUITests" */ = {
			isa = XCConfigurationList;
			buildConfigurations = (
				EE03B9A1289C8853008F5C60 /* Debug */,
				EE03B9A2289C8853008F5C60 /* Release */,
			);
			defaultConfigurationIsVisible = 0;
			defaultConfigurationName = Release;
		};
/* End XCConfigurationList section */

/* Begin XCVersionGroup section */
		EE03B979289C8851008F5C60 /* Estee_Lauder_App.xcdatamodeld */ = {
			isa = XCVersionGroup;
			children = (
				EE03B97A289C8851008F5C60 /* Estee_Lauder_App.xcdatamodel */,
			);
			currentVersion = EE03B97A289C8851008F5C60 /* Estee_Lauder_App.xcdatamodel */;
			path = Estee_Lauder_App.xcdatamodeld;
			sourceTree = "<group>";
			versionGroupType = wrapper.xcdatamodel;
		};
/* End XCVersionGroup section */
	};
	rootObject = EE03B965289C8850008F5C60 /* Project object */;
}
